// !$*UTF8*$!
{
	archiveVersion = 1;
	classes = {
	};
	objectVersion = 55;
	objects = {

/* Begin PBXBuildFile section */
		FE6F336027CFF36B0020253D /* AppDelegate.swift in Sources */ = {isa = PBXBuildFile; fileRef = FE6F335F27CFF36B0020253D /* AppDelegate.swift */; };
		FE6F336227CFF36C0020253D /* SceneDelegate.swift in Sources */ = {isa = PBXBuildFile; fileRef = FE6F336127CFF36C0020253D /* SceneDelegate.swift */; };
		FE6F336727CFF36C0020253D /* Main.storyboard in Resources */ = {isa = PBXBuildFile; fileRef = FE6F336527CFF36C0020253D /* Main.storyboard */; };
		FE6F336927CFF3700020253D /* Assets.xcassets in Resources */ = {isa = PBXBuildFile; fileRef = FE6F336827CFF3700020253D /* Assets.xcassets */; };
		FE6F336C27CFF3700020253D /* LaunchScreen.storyboard in Resources */ = {isa = PBXBuildFile; fileRef = FE6F336A27CFF3700020253D /* LaunchScreen.storyboard */; };
		FE6F337427CFF39D0020253D /* README.MD in Resources */ = {isa = PBXBuildFile; fileRef = FE6F337327CFF39D0020253D /* README.MD */; };
		FE75377D27D0496700804BAD /* CategoryCollectionViewController.swift in Sources */ = {isa = PBXBuildFile; fileRef = FE75377C27D0496700804BAD /* CategoryCollectionViewController.swift */; };
		FE75377F27D04A0900804BAD /* CategoryCollectionViewCell.swift in Sources */ = {isa = PBXBuildFile; fileRef = FE75377E27D04A0900804BAD /* CategoryCollectionViewCell.swift */; };
		FE75378227D04B0400804BAD /* FirebaseAnalytics in Frameworks */ = {isa = PBXBuildFile; productRef = FE75378127D04B0400804BAD /* FirebaseAnalytics */; };
		FE75378427D04B0400804BAD /* FirebaseAuth in Frameworks */ = {isa = PBXBuildFile; productRef = FE75378327D04B0400804BAD /* FirebaseAuth */; };
		FE75378627D04B0400804BAD /* FirebaseFirestore in Frameworks */ = {isa = PBXBuildFile; productRef = FE75378527D04B0400804BAD /* FirebaseFirestore */; };
		FE75378827D04B0400804BAD /* FirebaseStorage in Frameworks */ = {isa = PBXBuildFile; productRef = FE75378727D04B0400804BAD /* FirebaseStorage */; };
		FE75378A27D04B7F00804BAD /* GoogleService-Info.plist in Resources */ = {isa = PBXBuildFile; fileRef = FE75378927D04B7F00804BAD /* GoogleService-Info.plist */; };
/* End PBXBuildFile section */

/* Begin PBXFileReference section */
		FE6F335C27CFF36B0020253D /* E-Commerse-iOS.app */ = {isa = PBXFileReference; explicitFileType = wrapper.application; includeInIndex = 0; path = "E-Commerse-iOS.app"; sourceTree = BUILT_PRODUCTS_DIR; };
		FE6F335F27CFF36B0020253D /* AppDelegate.swift */ = {isa = PBXFileReference; lastKnownFileType = sourcecode.swift; path = AppDelegate.swift; sourceTree = "<group>"; };
		FE6F336127CFF36C0020253D /* SceneDelegate.swift */ = {isa = PBXFileReference; lastKnownFileType = sourcecode.swift; path = SceneDelegate.swift; sourceTree = "<group>"; };
		FE6F336627CFF36C0020253D /* Base */ = {isa = PBXFileReference; lastKnownFileType = file.storyboard; name = Base; path = Base.lproj/Main.storyboard; sourceTree = "<group>"; };
		FE6F336827CFF3700020253D /* Assets.xcassets */ = {isa = PBXFileReference; lastKnownFileType = folder.assetcatalog; path = Assets.xcassets; sourceTree = "<group>"; };
		FE6F336B27CFF3700020253D /* Base */ = {isa = PBXFileReference; lastKnownFileType = file.storyboard; name = Base; path = Base.lproj/LaunchScreen.storyboard; sourceTree = "<group>"; };
		FE6F336D27CFF3700020253D /* Info.plist */ = {isa = PBXFileReference; lastKnownFileType = text.plist.xml; path = Info.plist; sourceTree = "<group>"; };
		FE6F337327CFF39D0020253D /* README.MD */ = {isa = PBXFileReference; lastKnownFileType = net.daringfireball.markdown; path = README.MD; sourceTree = "<group>"; };
		FE75377C27D0496700804BAD /* CategoryCollectionViewController.swift */ = {isa = PBXFileReference; lastKnownFileType = sourcecode.swift; path = CategoryCollectionViewController.swift; sourceTree = "<group>"; };
		FE75377E27D04A0900804BAD /* CategoryCollectionViewCell.swift */ = {isa = PBXFileReference; lastKnownFileType = sourcecode.swift; path = CategoryCollectionViewCell.swift; sourceTree = "<group>"; };
		FE75378927D04B7F00804BAD /* GoogleService-Info.plist */ = {isa = PBXFileReference; fileEncoding = 4; lastKnownFileType = text.plist.xml; name = "GoogleService-Info.plist"; path = "../../../../../Downloads/GoogleService-Info.plist"; sourceTree = "<group>"; };
/* End PBXFileReference section */

/* Begin PBXFrameworksBuildPhase section */
		FE6F335927CFF36B0020253D /* Frameworks */ = {
			isa = PBXFrameworksBuildPhase;
			buildActionMask = 2147483647;
			files = (
				FE75378227D04B0400804BAD /* FirebaseAnalytics in Frameworks */,
				FE75378827D04B0400804BAD /* FirebaseStorage in Frameworks */,
				FE75378427D04B0400804BAD /* FirebaseAuth in Frameworks */,
				FE75378627D04B0400804BAD /* FirebaseFirestore in Frameworks */,
			);
			runOnlyForDeploymentPostprocessing = 0;
		};
/* End PBXFrameworksBuildPhase section */

/* Begin PBXGroup section */
		FE6F335327CFF36B0020253D = {
			isa = PBXGroup;
			children = (
				FE6F335E27CFF36B0020253D /* E-Commerse-iOS */,
				FE6F335D27CFF36B0020253D /* Products */,
			);
			sourceTree = "<group>";
		};
		FE6F335D27CFF36B0020253D /* Products */ = {
			isa = PBXGroup;
			children = (
				FE6F335C27CFF36B0020253D /* E-Commerse-iOS.app */,
			);
			name = Products;
			sourceTree = "<group>";
		};
		FE6F335E27CFF36B0020253D /* E-Commerse-iOS */ = {
			isa = PBXGroup;
			children = (
				FE75378927D04B7F00804BAD /* GoogleService-Info.plist */,
				FE6F337327CFF39D0020253D /* README.MD */,
				FE6F335F27CFF36B0020253D /* AppDelegate.swift */,
				FE6F336127CFF36C0020253D /* SceneDelegate.swift */,
				FE6F336527CFF36C0020253D /* Main.storyboard */,
				FE75377E27D04A0900804BAD /* CategoryCollectionViewCell.swift */,
				FE75377C27D0496700804BAD /* CategoryCollectionViewController.swift */,
				FE6F336827CFF3700020253D /* Assets.xcassets */,
				FE6F336A27CFF3700020253D /* LaunchScreen.storyboard */,
				FE6F336D27CFF3700020253D /* Info.plist */,
			);
			path = "E-Commerse-iOS";
			sourceTree = "<group>";
		};
/* End PBXGroup section */

/* Begin PBXNativeTarget section */
		FE6F335B27CFF36B0020253D /* E-Commerse-iOS */ = {
			isa = PBXNativeTarget;
			buildConfigurationList = FE6F337027CFF3700020253D /* Build configuration list for PBXNativeTarget "E-Commerse-iOS" */;
			buildPhases = (
				FE6F335827CFF36B0020253D /* Sources */,
				FE6F335927CFF36B0020253D /* Frameworks */,
				FE6F335A27CFF36B0020253D /* Resources */,
			);
			buildRules = (
			);
			dependencies = (
			);
			name = "E-Commerse-iOS";
			packageProductDependencies = (
				FE75378127D04B0400804BAD /* FirebaseAnalytics */,
				FE75378327D04B0400804BAD /* FirebaseAuth */,
				FE75378527D04B0400804BAD /* FirebaseFirestore */,
				FE75378727D04B0400804BAD /* FirebaseStorage */,
			);
			productName = "E-Commerse-iOS";
			productReference = FE6F335C27CFF36B0020253D /* E-Commerse-iOS.app */;
			productType = "com.apple.product-type.application";
		};
/* End PBXNativeTarget section */

/* Begin PBXProject section */
		FE6F335427CFF36B0020253D /* Project object */ = {
			isa = PBXProject;
			attributes = {
				BuildIndependentTargetsInParallel = 1;
				LastSwiftUpdateCheck = 1320;
				LastUpgradeCheck = 1320;
				TargetAttributes = {
					FE6F335B27CFF36B0020253D = {
						CreatedOnToolsVersion = 13.2.1;
					};
				};
			};
			buildConfigurationList = FE6F335727CFF36B0020253D /* Build configuration list for PBXProject "E-Commerse-iOS" */;
			compatibilityVersion = "Xcode 13.0";
			developmentRegion = en;
			hasScannedForEncodings = 0;
			knownRegions = (
				en,
				Base,
			);
			mainGroup = FE6F335327CFF36B0020253D;
			packageReferences = (
				FE75378027D04B0400804BAD /* XCRemoteSwiftPackageReference "firebase-ios-sdk" */,
			);
			productRefGroup = FE6F335D27CFF36B0020253D /* Products */;
			projectDirPath = "";
			projectRoot = "";
			targets = (
				FE6F335B27CFF36B0020253D /* E-Commerse-iOS */,
			);
		};
/* End PBXProject section */

/* Begin PBXResourcesBuildPhase section */
		FE6F335A27CFF36B0020253D /* Resources */ = {
			isa = PBXResourcesBuildPhase;
			buildActionMask = 2147483647;
			files = (
				FE6F336C27CFF3700020253D /* LaunchScreen.storyboard in Resources */,
				FE6F336927CFF3700020253D /* Assets.xcassets in Resources */,
				FE75378A27D04B7F00804BAD /* GoogleService-Info.plist in Resources */,
				FE6F337427CFF39D0020253D /* README.MD in Resources */,
				FE6F336727CFF36C0020253D /* Main.storyboard in Resources */,
			);
			runOnlyForDeploymentPostprocessing = 0;
		};
/* End PBXResourcesBuildPhase section */

/* Begin PBXSourcesBuildPhase section */
		FE6F335827CFF36B0020253D /* Sources */ = {
			isa = PBXSourcesBuildPhase;
			buildActionMask = 2147483647;
			files = (
				FE75377F27D04A0900804BAD /* CategoryCollectionViewCell.swift in Sources */,
				FE6F336027CFF36B0020253D /* AppDelegate.swift in Sources */,
				FE6F336227CFF36C0020253D /* SceneDelegate.swift in Sources */,
				FE75377D27D0496700804BAD /* CategoryCollectionViewController.swift in Sources */,
			);
			runOnlyForDeploymentPostprocessing = 0;
		};
/* End PBXSourcesBuildPhase section */

/* Begin PBXVariantGroup section */
		FE6F336527CFF36C0020253D /* Main.storyboard */ = {
			isa = PBXVariantGroup;
			children = (
				FE6F336627CFF36C0020253D /* Base */,
			);
			name = Main.storyboard;
			sourceTree = "<group>";
		};
		FE6F336A27CFF3700020253D /* LaunchScreen.storyboard */ = {
			isa = PBXVariantGroup;
			children = (
				FE6F336B27CFF3700020253D /* Base */,
			);
			name = LaunchScreen.storyboard;
			sourceTree = "<group>";
		};
/* End PBXVariantGroup section */

/* Begin XCBuildConfiguration section */
		FE6F336E27CFF3700020253D /* Debug */ = {
			isa = XCBuildConfiguration;
			buildSettings = {
				ALWAYS_SEARCH_USER_PATHS = NO;
				CLANG_ANALYZER_NONNULL = YES;
				CLANG_ANALYZER_NUMBER_OBJECT_CONVERSION = YES_AGGRESSIVE;
				CLANG_CXX_LANGUAGE_STANDARD = "gnu++17";
				CLANG_CXX_LIBRARY = "libc++";
				CLANG_ENABLE_MODULES = YES;
				CLANG_ENABLE_OBJC_ARC = YES;
				CLANG_ENABLE_OBJC_WEAK = YES;
				CLANG_WARN_BLOCK_CAPTURE_AUTORELEASING = YES;
				CLANG_WARN_BOOL_CONVERSION = YES;
				CLANG_WARN_COMMA = YES;
				CLANG_WARN_CONSTANT_CONVERSION = YES;
				CLANG_WARN_DEPRECATED_OBJC_IMPLEMENTATIONS = YES;
				CLANG_WARN_DIRECT_OBJC_ISA_USAGE = YES_ERROR;
				CLANG_WARN_DOCUMENTATION_COMMENTS = YES;
				CLANG_WARN_EMPTY_BODY = YES;
				CLANG_WARN_ENUM_CONVERSION = YES;
				CLANG_WARN_INFINITE_RECURSION = YES;
				CLANG_WARN_INT_CONVERSION = YES;
				CLANG_WARN_NON_LITERAL_NULL_CONVERSION = YES;
				CLANG_WARN_OBJC_IMPLICIT_RETAIN_SELF = YES;
				CLANG_WARN_OBJC_LITERAL_CONVERSION = YES;
				CLANG_WARN_OBJC_ROOT_CLASS = YES_ERROR;
				CLANG_WARN_QUOTED_INCLUDE_IN_FRAMEWORK_HEADER = YES;
				CLANG_WARN_RANGE_LOOP_ANALYSIS = YES;
				CLANG_WARN_STRICT_PROTOTYPES = YES;
				CLANG_WARN_SUSPICIOUS_MOVE = YES;
				CLANG_WARN_UNGUARDED_AVAILABILITY = YES_AGGRESSIVE;
				CLANG_WARN_UNREACHABLE_CODE = YES;
				CLANG_WARN__DUPLICATE_METHOD_MATCH = YES;
				COPY_PHASE_STRIP = NO;
				DEBUG_INFORMATION_FORMAT = dwarf;
				ENABLE_STRICT_OBJC_MSGSEND = YES;
				ENABLE_TESTABILITY = YES;
				GCC_C_LANGUAGE_STANDARD = gnu11;
				GCC_DYNAMIC_NO_PIC = NO;
				GCC_NO_COMMON_BLOCKS = YES;
				GCC_OPTIMIZATION_LEVEL = 0;
				GCC_PREPROCESSOR_DEFINITIONS = (
					"DEBUG=1",
					"$(inherited)",
				);
				GCC_WARN_64_TO_32_BIT_CONVERSION = YES;
				GCC_WARN_ABOUT_RETURN_TYPE = YES_ERROR;
				GCC_WARN_UNDECLARED_SELECTOR = YES;
				GCC_WARN_UNINITIALIZED_AUTOS = YES_AGGRESSIVE;
				GCC_WARN_UNUSED_FUNCTION = YES;
				GCC_WARN_UNUSED_VARIABLE = YES;
				IPHONEOS_DEPLOYMENT_TARGET = 15.2;
				MTL_ENABLE_DEBUG_INFO = INCLUDE_SOURCE;
				MTL_FAST_MATH = YES;
				ONLY_ACTIVE_ARCH = YES;
				SDKROOT = iphoneos;
				SWIFT_ACTIVE_COMPILATION_CONDITIONS = DEBUG;
				SWIFT_OPTIMIZATION_LEVEL = "-Onone";
			};
			name = Debug;
		};
		FE6F336F27CFF3700020253D /* Release */ = {
			isa = XCBuildConfiguration;
			buildSettings = {
				ALWAYS_SEARCH_USER_PATHS = NO;
				CLANG_ANALYZER_NONNULL = YES;
				CLANG_ANALYZER_NUMBER_OBJECT_CONVERSION = YES_AGGRESSIVE;
				CLANG_CXX_LANGUAGE_STANDARD = "gnu++17";
				CLANG_CXX_LIBRARY = "libc++";
				CLANG_ENABLE_MODULES = YES;
				CLANG_ENABLE_OBJC_ARC = YES;
				CLANG_ENABLE_OBJC_WEAK = YES;
				CLANG_WARN_BLOCK_CAPTURE_AUTORELEASING = YES;
				CLANG_WARN_BOOL_CONVERSION = YES;
				CLANG_WARN_COMMA = YES;
				CLANG_WARN_CONSTANT_CONVERSION = YES;
				CLANG_WARN_DEPRECATED_OBJC_IMPLEMENTATIONS = YES;
				CLANG_WARN_DIRECT_OBJC_ISA_USAGE = YES_ERROR;
				CLANG_WARN_DOCUMENTATION_COMMENTS = YES;
				CLANG_WARN_EMPTY_BODY = YES;
				CLANG_WARN_ENUM_CONVERSION = YES;
				CLANG_WARN_INFINITE_RECURSION = YES;
				CLANG_WARN_INT_CONVERSION = YES;
				CLANG_WARN_NON_LITERAL_NULL_CONVERSION = YES;
				CLANG_WARN_OBJC_IMPLICIT_RETAIN_SELF = YES;
				CLANG_WARN_OBJC_LITERAL_CONVERSION = YES;
				CLANG_WARN_OBJC_ROOT_CLASS = YES_ERROR;
				CLANG_WARN_QUOTED_INCLUDE_IN_FRAMEWORK_HEADER = YES;
				CLANG_WARN_RANGE_LOOP_ANALYSIS = YES;
				CLANG_WARN_STRICT_PROTOTYPES = YES;
				CLANG_WARN_SUSPICIOUS_MOVE = YES;
				CLANG_WARN_UNGUARDED_AVAILABILITY = YES_AGGRESSIVE;
				CLANG_WARN_UNREACHABLE_CODE = YES;
				CLANG_WARN__DUPLICATE_METHOD_MATCH = YES;
				COPY_PHASE_STRIP = NO;
				DEBUG_INFORMATION_FORMAT = "dwarf-with-dsym";
				ENABLE_NS_ASSERTIONS = NO;
				ENABLE_STRICT_OBJC_MSGSEND = YES;
				GCC_C_LANGUAGE_STANDARD = gnu11;
				GCC_NO_COMMON_BLOCKS = YES;
				GCC_WARN_64_TO_32_BIT_CONVERSION = YES;
				GCC_WARN_ABOUT_RETURN_TYPE = YES_ERROR;
				GCC_WARN_UNDECLARED_SELECTOR = YES;
				GCC_WARN_UNINITIALIZED_AUTOS = YES_AGGRESSIVE;
				GCC_WARN_UNUSED_FUNCTION = YES;
				GCC_WARN_UNUSED_VARIABLE = YES;
				IPHONEOS_DEPLOYMENT_TARGET = 15.2;
				MTL_ENABLE_DEBUG_INFO = NO;
				MTL_FAST_MATH = YES;
				SDKROOT = iphoneos;
				SWIFT_COMPILATION_MODE = wholemodule;
				SWIFT_OPTIMIZATION_LEVEL = "-O";
				VALIDATE_PRODUCT = YES;
			};
			name = Release;
		};
		FE6F337127CFF3700020253D /* Debug */ = {
			isa = XCBuildConfiguration;
			buildSettings = {
				ASSETCATALOG_COMPILER_APPICON_NAME = AppIcon;
				ASSETCATALOG_COMPILER_GLOBAL_ACCENT_COLOR_NAME = AccentColor;
				CODE_SIGN_STYLE = Automatic;
				CURRENT_PROJECT_VERSION = 1;
				GENERATE_INFOPLIST_FILE = YES;
				INFOPLIST_FILE = "E-Commerse-iOS/Info.plist";
				INFOPLIST_KEY_UIApplicationSupportsIndirectInputEvents = YES;
				INFOPLIST_KEY_UILaunchStoryboardName = LaunchScreen;
				INFOPLIST_KEY_UIMainStoryboardFile = Main;
				INFOPLIST_KEY_UISupportedInterfaceOrientations_iPad = "UIInterfaceOrientationPortrait UIInterfaceOrientationPortraitUpsideDown UIInterfaceOrientationLandscapeLeft UIInterfaceOrientationLandscapeRight";
				INFOPLIST_KEY_UISupportedInterfaceOrientations_iPhone = "UIInterfaceOrientationPortrait UIInterfaceOrientationLandscapeLeft UIInterfaceOrientationLandscapeRight";
				LD_RUNPATH_SEARCH_PATHS = (
					"$(inherited)",
					"@executable_path/Frameworks",
				);
				MARKETING_VERSION = 1.0;
				PRODUCT_BUNDLE_IDENTIFIER = "pdelac.E-Commerse-iOS";
				PRODUCT_NAME = "$(TARGET_NAME)";
				SWIFT_EMIT_LOC_STRINGS = YES;
				SWIFT_VERSION = 5.0;
				TARGETED_DEVICE_FAMILY = "1,2";
			};
			name = Debug;
		};
		FE6F337227CFF3700020253D /* Release */ = {
			isa = XCBuildConfiguration;
			buildSettings = {
				ASSETCATALOG_COMPILER_APPICON_NAME = AppIcon;
				ASSETCATALOG_COMPILER_GLOBAL_ACCENT_COLOR_NAME = AccentColor;
				CODE_SIGN_STYLE = Automatic;
				CURRENT_PROJECT_VERSION = 1;
				GENERATE_INFOPLIST_FILE = YES;
				INFOPLIST_FILE = "E-Commerse-iOS/Info.plist";
				INFOPLIST_KEY_UIApplicationSupportsIndirectInputEvents = YES;
				INFOPLIST_KEY_UILaunchStoryboardName = LaunchScreen;
				INFOPLIST_KEY_UIMainStoryboardFile = Main;
				INFOPLIST_KEY_UISupportedInterfaceOrientations_iPad = "UIInterfaceOrientationPortrait UIInterfaceOrientationPortraitUpsideDown UIInterfaceOrientationLandscapeLeft UIInterfaceOrientationLandscapeRight";
				INFOPLIST_KEY_UISupportedInterfaceOrientations_iPhone = "UIInterfaceOrientationPortrait UIInterfaceOrientationLandscapeLeft UIInterfaceOrientationLandscapeRight";
				LD_RUNPATH_SEARCH_PATHS = (
					"$(inherited)",
					"@executable_path/Frameworks",
				);
				MARKETING_VERSION = 1.0;
				PRODUCT_BUNDLE_IDENTIFIER = "pdelac.E-Commerse-iOS";
				PRODUCT_NAME = "$(TARGET_NAME)";
				SWIFT_EMIT_LOC_STRINGS = YES;
				SWIFT_VERSION = 5.0;
				TARGETED_DEVICE_FAMILY = "1,2";
			};
			name = Release;
		};
/* End XCBuildConfiguration section */

/* Begin XCConfigurationList section */
		FE6F335727CFF36B0020253D /* Build configuration list for PBXProject "E-Commerse-iOS" */ = {
			isa = XCConfigurationList;
			buildConfigurations = (
				FE6F336E27CFF3700020253D /* Debug */,
				FE6F336F27CFF3700020253D /* Release */,
			);
			defaultConfigurationIsVisible = 0;
			defaultConfigurationName = Release;
		};
		FE6F337027CFF3700020253D /* Build configuration list for PBXNativeTarget "E-Commerse-iOS" */ = {
			isa = XCConfigurationList;
			buildConfigurations = (
				FE6F337127CFF3700020253D /* Debug */,
				FE6F337227CFF3700020253D /* Release */,
			);
			defaultConfigurationIsVisible = 0;
			defaultConfigurationName = Release;
		};
/* End XCConfigurationList section */

/* Begin XCRemoteSwiftPackageReference section */
		FE75378027D04B0400804BAD /* XCRemoteSwiftPackageReference "firebase-ios-sdk" */ = {
			isa = XCRemoteSwiftPackageReference;
			repositoryURL = "https://github.com/firebase/firebase-ios-sdk";
			requirement = {
				branch = master;
				kind = branch;
			};
		};
/* End XCRemoteSwiftPackageReference section */

/* Begin XCSwiftPackageProductDependency section */
		FE75378127D04B0400804BAD /* FirebaseAnalytics */ = {
			isa = XCSwiftPackageProductDependency;
			package = FE75378027D04B0400804BAD /* XCRemoteSwiftPackageReference "firebase-ios-sdk" */;
			productName = FirebaseAnalytics;
		};
		FE75378327D04B0400804BAD /* FirebaseAuth */ = {
			isa = XCSwiftPackageProductDependency;
			package = FE75378027D04B0400804BAD /* XCRemoteSwiftPackageReference "firebase-ios-sdk" */;
			productName = FirebaseAuth;
		};
		FE75378527D04B0400804BAD /* FirebaseFirestore */ = {
			isa = XCSwiftPackageProductDependency;
			package = FE75378027D04B0400804BAD /* XCRemoteSwiftPackageReference "firebase-ios-sdk" */;
			productName = FirebaseFirestore;
		};
		FE75378727D04B0400804BAD /* FirebaseStorage */ = {
			isa = XCSwiftPackageProductDependency;
			package = FE75378027D04B0400804BAD /* XCRemoteSwiftPackageReference "firebase-ios-sdk" */;
			productName = FirebaseStorage;
		};
/* End XCSwiftPackageProductDependency section */
	};
	rootObject = FE6F335427CFF36B0020253D /* Project object */;
}
